
Microsoft Visual Studio Solution File, Format Version 12.00
# Visual Studio Version 17
VisualStudioVersion = 17.8.34330.188
MinimumVisualStudioVersion = 10.0.40219.1
Project("{9A19103F-16F7-4668-BE54-9A1E7A4F7556}") = "ModulesMonitor", "ModulesMonitor\ModulesMonitor.csproj", "{6AD2B4C7-5D82-49C7-8BD6-1B01A120E340}"
	ProjectSection(ProjectDependencies) = postProject
		{1A60664D-774E-4D8B-9BDD-FDDE8CFF871E} = {1A60664D-774E-4D8B-9BDD-FDDE8CFF871E}
	EndProjectSection
EndProject
Project("{9A19103F-16F7-4668-BE54-9A1E7A4F7556}") = "Data", "Data\Data.csproj", "{1A60664D-774E-4D8B-9BDD-FDDE8CFF871E}"
EndProject
Project("{9A19103F-16F7-4668-BE54-9A1E7A4F7556}") = "Receiver", "Receiver\Receiver.csproj", "{4EAD156B-4F9F-4AF7-B808-4BFA2F126E55}"
EndProject
Project("{FAE04EC0-301F-11D3-BF4B-00C04F79EFBC}") = "SensorEmulator", "SensorEmulator\SensorEmulator.csproj", "{E9F1B2ED-01A0-414E-9BB8-066FE6E47442}"
EndProject
Project("{FAE04EC0-301F-11D3-BF4B-00C04F79EFBC}") = "SPA", "SPA\SPA.csproj", "{B018E061-C979-4B83-B70E-E2A7A66F3B50}"
EndProject
Global
	GlobalSection(SolutionConfigurationPlatforms) = preSolution
		Debug|Any CPU = Debug|Any CPU
		Release|Any CPU = Release|Any CPU
	EndGlobalSection
	GlobalSection(ProjectConfigurationPlatforms) = postSolution
		{6AD2B4C7-5D82-49C7-8BD6-1B01A120E340}.Debug|Any CPU.ActiveCfg = Debug|Any CPU
		{6AD2B4C7-5D82-49C7-8BD6-1B01A120E340}.Debug|Any CPU.Build.0 = Debug|Any CPU
		{6AD2B4C7-5D82-49C7-8BD6-1B01A120E340}.Release|Any CPU.ActiveCfg = Release|Any CPU
		{6AD2B4C7-5D82-49C7-8BD6-1B01A120E340}.Release|Any CPU.Build.0 = Release|Any CPU
		{1A60664D-774E-4D8B-9BDD-FDDE8CFF871E}.Debug|Any CPU.ActiveCfg = Debug|Any CPU
		{1A60664D-774E-4D8B-9BDD-FDDE8CFF871E}.Debug|Any CPU.Build.0 = Debug|Any CPU
		{1A60664D-774E-4D8B-9BDD-FDDE8CFF871E}.Release|Any CPU.ActiveCfg = Release|Any CPU
		{1A60664D-774E-4D8B-9BDD-FDDE8CFF871E}.Release|Any CPU.Build.0 = Release|Any CPU
		{4EAD156B-4F9F-4AF7-B808-4BFA2F126E55}.Debug|Any CPU.ActiveCfg = Debug|Any CPU
		{4EAD156B-4F9F-4AF7-B808-4BFA2F126E55}.Debug|Any CPU.Build.0 = Debug|Any CPU
		{4EAD156B-4F9F-4AF7-B808-4BFA2F126E55}.Release|Any CPU.ActiveCfg = Release|Any CPU
		{4EAD156B-4F9F-4AF7-B808-4BFA2F126E55}.Release|Any CPU.Build.0 = Release|Any CPU
		{E9F1B2ED-01A0-414E-9BB8-066FE6E47442}.Debug|Any CPU.ActiveCfg = Debug|Any CPU
		{E9F1B2ED-01A0-414E-9BB8-066FE6E47442}.Debug|Any CPU.Build.0 = Debug|Any CPU
		{E9F1B2ED-01A0-414E-9BB8-066FE6E47442}.Release|Any CPU.ActiveCfg = Release|Any CPU
		{E9F1B2ED-01A0-414E-9BB8-066FE6E47442}.Release|Any CPU.Build.0 = Release|Any CPU
		{B018E061-C979-4B83-B70E-E2A7A66F3B50}.Debug|Any CPU.ActiveCfg = Debug|Any CPU
		{B018E061-C979-4B83-B70E-E2A7A66F3B50}.Debug|Any CPU.Build.0 = Debug|Any CPU
		{B018E061-C979-4B83-B70E-E2A7A66F3B50}.Release|Any CPU.ActiveCfg = Release|Any CPU
		{B018E061-C979-4B83-B70E-E2A7A66F3B50}.Release|Any CPU.Build.0 = Release|Any CPU
	EndGlobalSection
	GlobalSection(SolutionProperties) = preSolution
		HideSolutionNode = FALSE
	EndGlobalSection
	GlobalSection(ExtensibilityGlobals) = postSolution
		SolutionGuid = {F8E4BA7A-F6B4-40E4-9B67-DFD7258ADFDD}
	EndGlobalSection
EndGlobal
